{
  "nodes": {
    "flake-compat": {
      "flake": false,
      "locked": {
        "lastModified": 1650374568,
        "narHash": "sha256-Z+s0J8/r907g149rllvwhb4pKi8Wam5ij0st8PwAh+E=",
        "owner": "edolstra",
        "repo": "flake-compat",
        "rev": "b4a34015c698c7793d592d66adbab377907a2be8",
        "type": "github"
      },
      "original": {
        "owner": "edolstra",
        "repo": "flake-compat",
        "type": "github"
      }
    },
    "flake-utils": {
      "locked": {
        "lastModified": 1656928814,
        "narHash": "sha256-RIFfgBuKz6Hp89yRr7+NR5tzIAbn52h8vT6vXkYjZoM=",
        "owner": "numtide",
        "repo": "flake-utils",
        "rev": "7e2a3b3dfd9af950a856d66b0a7d01e3c18aa249",
        "type": "github"
      },
      "original": {
        "owner": "numtide",
        "repo": "flake-utils",
        "type": "github"
      }
    },
    "home-manager": {
      "inputs": {
        "nixpkgs": [
          "nixpkgs"
        ],
        "utils": "utils"
      },
      "locked": {
        "lastModified": 1670156115,
        "narHash": "sha256-L2FKLedprp3AkQ+GS+2Br7CYWeCmLCjt3zUd87p0lNQ=",
        "owner": "nix-community",
        "repo": "home-manager",
        "rev": "e704ef9ec7a8ccf8711bb11ff68da06f1917a26d",
        "type": "github"
      },
      "original": {
        "owner": "nix-community",
        "ref": "release-22.11",
        "repo": "home-manager",
        "type": "github"
      }
    },
    "naersk": {
      "inputs": {
        "nixpkgs": [
          "nix-script",
          "nixpkgs"
        ]
      },
      "locked": {
        "lastModified": 1655042882,
        "narHash": "sha256-9BX8Fuez5YJlN7cdPO63InoyBy7dm3VlJkkmTt6fS1A=",
        "owner": "nix-community",
        "repo": "naersk",
        "rev": "cddffb5aa211f50c4b8750adbec0bbbdfb26bb9f",
        "type": "github"
      },
      "original": {
        "owner": "nix-community",
        "repo": "naersk",
        "type": "github"
      }
    },
    "nix-script": {
      "inputs": {
        "flake-compat": "flake-compat",
        "flake-utils": "flake-utils",
        "naersk": "naersk",
        "nixpkgs": [
          "nixpkgs-unstable"
        ]
      },
      "locked": {
        "lastModified": 1669979801,
        "narHash": "sha256-ub65mkrCGMr+z18POOsAoql7pQN3KrBEeZFQcb1lycY=",
        "owner": "BrianHicks",
        "repo": "nix-script",
        "rev": "f180331738a6fdac3cb28a69411706bf3579959f",
        "type": "github"
      },
      "original": {
        "owner": "BrianHicks",
        "repo": "nix-script",
        "type": "github"
      }
    },
    "nixos-channel": {
      "locked": {
        "narHash": "sha256-JaVVRd+jUiNF9EoNUr+AcreM9Lgt7/H97XTHTNRI44U=",
        "type": "tarball",
        "url": "https://nixos.org/channels/nixos-22.11/nixexprs.tar.xz"
      },
      "original": {
        "type": "tarball",
        "url": "https://nixos.org/channels/nixos-22.11/nixexprs.tar.xz"
      }
    },
    "nixpkgs": {
      "locked": {
        "lastModified": 1670104339,
        "narHash": "sha256-212aAMSy5uxzrUbHmvUm3oHh8c02wXJ7lyNjDa5NSAM=",
        "owner": "NixOS",
        "repo": "nixpkgs",
        "rev": "2d10e73416ec1449ef74aeac7faf2cf8c556ff5a",
        "type": "github"
      },
      "original": {
        "owner": "NixOS",
        "ref": "nixos-22.11",
        "repo": "nixpkgs",
        "type": "github"
      }
    },
    "nixpkgs-unstable": {
      "locked": {
        "lastModified": 1670064435,
        "narHash": "sha256-+ELoY30UN+Pl3Yn7RWRPabykwebsVK/kYE9JsIsUMxQ=",
        "owner": "NixOS",
        "repo": "nixpkgs",
        "rev": "61a8a98e6d557e6dd7ed0cdb54c3a3e3bbc5e25c",
        "type": "github"
      },
      "original": {
        "owner": "NixOS",
        "ref": "nixos-unstable",
        "repo": "nixpkgs",
        "type": "github"
      }
    },
    "open-location-code": {
      "locked": {
        "lastModified": 1654737097,
        "narHash": "sha256-cOkq7R//nD3briJsuIxkzSsxw5vUrh5LE1zxnPE38T0=",
        "owner": "sersorrel",
        "repo": "open-location-code.nix",
        "rev": "e65f607110ac57d58a6472ab7ebdde6fe1e8d88c",
        "type": "github"
      },
      "original": {
        "owner": "sersorrel",
        "repo": "open-location-code.nix",
        "type": "github"
      }
    },
    "root": {
      "inputs": {
        "home-manager": "home-manager",
        "nix-script": "nix-script",
        "nixos-channel": "nixos-channel",
        "nixpkgs": "nixpkgs",
        "nixpkgs-unstable": "nixpkgs-unstable",
        "secrets": "secrets"
      }
    },
    "secrets": {
      "inputs": {
        "open-location-code": "open-location-code"
      },
      "locked": {
        "lastModified": 1669930709,
        "narHash": "sha256-wCKib5+FxobReCFPzDiSzbm43Le7dvzNlf1d/exCrmo=",
        "path": "/home/ash/Secrets",
        "type": "path"
      },
      "original": {
        "id": "secrets",
        "type": "indirect"
      }
    },
    "utils": {
      "locked": {
        "lastModified": 1667395993,
        "narHash": "sha256-nuEHfE/LcWyuSWnS8t12N1wc105Qtau+/OdUAjtQ0rA=",
        "owner": "numtide",
        "repo": "flake-utils",
        "rev": "5aed5285a952e0b949eb3ba02c12fa4fcfef535f",
        "type": "github"
      },
      "original": {
        "owner": "numtide",
        "repo": "flake-utils",
        "type": "github"
      }
    }
  },
  "root": "root",
  "version": 7
}
